
Microsoft Visual Studio Solution File, Format Version 12.00
# Visual Studio Version 17
VisualStudioVersion = 17.12.35728.132 d17.12
MinimumVisualStudioVersion = 10.0.40219.1
Project("{FAE04EC0-301F-11D3-BF4B-00C04F79EFBC}") = "Vanilla_Template", "Vanilla_Template\Vanilla_Template.csproj", "{04F2F1D9-D0A4-4B97-B4E4-110A0F3DA30E}"
EndProject
Project("{FAE04EC0-301F-11D3-BF4B-00C04F79EFBC}") = "Vanilla_Template.Client", "Vanilla_Template.Client\Vanilla_Template.Client.csproj", "{F2759670-D07D-4078-9EE7-415D8553D73C}"
EndProject
Global
	GlobalSection(SolutionConfigurationPlatforms) = preSolution
		Debug|Any CPU = Debug|Any CPU
		Release|Any CPU = Release|Any CPU
	EndGlobalSection
	GlobalSection(ProjectConfigurationPlatforms) = postSolution
		{04F2F1D9-D0A4-4B97-B4E4-110A0F3DA30E}.Debug|Any CPU.ActiveCfg = Debug|Any CPU
		{04F2F1D9-D0A4-4B97-B4E4-110A0F3DA30E}.Debug|Any CPU.Build.0 = Debug|Any CPU
		{04F2F1D9-D0A4-4B97-B4E4-110A0F3DA30E}.Release|Any CPU.ActiveCfg = Release|Any CPU
		{04F2F1D9-D0A4-4B97-B4E4-110A0F3DA30E}.Release|Any CPU.Build.0 = Release|Any CPU
		{F2759670-D07D-4078-9EE7-415D8553D73C}.Debug|Any CPU.ActiveCfg = Debug|Any CPU
		{F2759670-D07D-4078-9EE7-415D8553D73C}.Debug|Any CPU.Build.0 = Debug|Any CPU
		{F2759670-D07D-4078-9EE7-415D8553D73C}.Release|Any CPU.ActiveCfg = Release|Any CPU
		{F2759670-D07D-4078-9EE7-415D8553D73C}.Release|Any CPU.Build.0 = Release|Any CPU
	EndGlobalSection
	GlobalSection(SolutionProperties) = preSolution
		HideSolutionNode = FALSE
	EndGlobalSection
EndGlobal
